
Microsoft Visual Studio Solution File, Format Version 12.00
# Visual Studio Version 17
VisualStudioVersion = 17.9.34622.214
MinimumVisualStudioVersion = 10.0.40219.1
Project("{FAE04EC0-301F-11D3-BF4B-00C04F79EFBC}") = "AlpineSkiHouse", "AlpineSkiHouse\AlpineSkiHouse.csproj", "{FE5D73EB-61B1-40F0-8A87-93689DF5C0C5}"
EndProject
Global
	GlobalSection(SolutionConfigurationPlatforms) = preSolution
		Debug|Any CPU = Debug|Any CPU
		Release|Any CPU = Release|Any CPU
	EndGlobalSection
	GlobalSection(ProjectConfigurationPlatforms) = postSolution
		{FE5D73EB-61B1-40F0-8A87-93689DF5C0C5}.Debug|Any CPU.ActiveCfg = Debug|Any CPU
		{FE5D73EB-61B1-40F0-8A87-93689DF5C0C5}.Debug|Any CPU.Build.0 = Debug|Any CPU
		{FE5D73EB-61B1-40F0-8A87-93689DF5C0C5}.Release|Any CPU.ActiveCfg = Release|Any CPU
		{FE5D73EB-61B1-40F0-8A87-93689DF5C0C5}.Release|Any CPU.Build.0 = Release|Any CPU
	EndGlobalSection
	GlobalSection(SolutionProperties) = preSolution
		HideSolutionNode = FALSE
	EndGlobalSection
	GlobalSection(ExtensibilityGlobals) = postSolution
		SolutionGuid = {6C68CFD6-29AF-4CA3-834A-0C7F17B4ABC5}
	EndGlobalSection
EndGlobal
